
Microsoft Visual Studio Solution File, Format Version 12.00
Project("{FAE04EC0-301F-11D3-BF4B-00C04F79EFBC}") = "GreatSearchEngineTests", "GreatSearchEngineTests\GreatSearchEngineTests.csproj", "{70244628-0AC2-4DF3-962E-EE3C94E052B7}"
EndProject
Project("{FAE04EC0-301F-11D3-BF4B-00C04F79EFBC}") = "SearchApi", "SearchApi\SearchApi.csproj", "{96F6C41A-4E53-459C-B1AD-17FD743572EF}"
EndProject
Project("{FAE04EC0-301F-11D3-BF4B-00C04F79EFBC}") = "Core", "Core\Core.csproj", "{93858E81-9672-4B3C-8EC7-11E1804117D1}"
EndProject
Global
	GlobalSection(SolutionConfigurationPlatforms) = preSolution
		Debug|Any CPU = Debug|Any CPU
		Release|Any CPU = Release|Any CPU
	EndGlobalSection
	GlobalSection(ProjectConfigurationPlatforms) = postSolution
		{70244628-0AC2-4DF3-962E-EE3C94E052B7}.Debug|Any CPU.ActiveCfg = Debug|Any CPU
		{70244628-0AC2-4DF3-962E-EE3C94E052B7}.Debug|Any CPU.Build.0 = Debug|Any CPU
		{70244628-0AC2-4DF3-962E-EE3C94E052B7}.Release|Any CPU.ActiveCfg = Release|Any CPU
		{70244628-0AC2-4DF3-962E-EE3C94E052B7}.Release|Any CPU.Build.0 = Release|Any CPU
		{96F6C41A-4E53-459C-B1AD-17FD743572EF}.Debug|Any CPU.ActiveCfg = Debug|Any CPU
		{96F6C41A-4E53-459C-B1AD-17FD743572EF}.Debug|Any CPU.Build.0 = Debug|Any CPU
		{96F6C41A-4E53-459C-B1AD-17FD743572EF}.Release|Any CPU.ActiveCfg = Release|Any CPU
		{96F6C41A-4E53-459C-B1AD-17FD743572EF}.Release|Any CPU.Build.0 = Release|Any CPU
		{93858E81-9672-4B3C-8EC7-11E1804117D1}.Debug|Any CPU.ActiveCfg = Debug|Any CPU
		{93858E81-9672-4B3C-8EC7-11E1804117D1}.Debug|Any CPU.Build.0 = Debug|Any CPU
		{93858E81-9672-4B3C-8EC7-11E1804117D1}.Release|Any CPU.ActiveCfg = Release|Any CPU
		{93858E81-9672-4B3C-8EC7-11E1804117D1}.Release|Any CPU.Build.0 = Release|Any CPU
	EndGlobalSection
EndGlobal
